// !$*UTF8*$!
{
	archiveVersion = 1;
	classes = {
	};
	objectVersion = 55;
	objects = {

/* Begin PBXBuildFile section */
		541193662891525D00946A9E /* Data1.swift in Sources */ = {isa = PBXBuildFile; fileRef = 541193652891525D00946A9E /* Data1.swift */; };
		5411936A289A7B0100946A9E /* Edit FileViewController.swift in Sources */ = {isa = PBXBuildFile; fileRef = 54119369289A7B0100946A9E /* Edit FileViewController.swift */; };
		54428C452850A5D200EAE052 /* AppDelegate.swift in Sources */ = {isa = PBXBuildFile; fileRef = 54428C442850A5D200EAE052 /* AppDelegate.swift */; };
		54428C472850A5D200EAE052 /* SceneDelegate.swift in Sources */ = {isa = PBXBuildFile; fileRef = 54428C462850A5D200EAE052 /* SceneDelegate.swift */; };
		54428C492850A5D200EAE052 /* ViewController.swift in Sources */ = {isa = PBXBuildFile; fileRef = 54428C482850A5D200EAE052 /* ViewController.swift */; };
		54428C4E2850A5DC00EAE052 /* Assets.xcassets in Resources */ = {isa = PBXBuildFile; fileRef = 54428C4D2850A5DC00EAE052 /* Assets.xcassets */; };
		54428C512850A5DC00EAE052 /* LaunchScreen.storyboard in Resources */ = {isa = PBXBuildFile; fileRef = 54428C4F2850A5DC00EAE052 /* LaunchScreen.storyboard */; };
		54428C5C2850A5DD00EAE052 /* Make_ItTests.swift in Sources */ = {isa = PBXBuildFile; fileRef = 54428C5B2850A5DD00EAE052 /* Make_ItTests.swift */; };
		54428C662850A5DD00EAE052 /* Make_ItUITests.swift in Sources */ = {isa = PBXBuildFile; fileRef = 54428C652850A5DD00EAE052 /* Make_ItUITests.swift */; };
		54428C682850A5DD00EAE052 /* Make_ItUITestsLaunchTests.swift in Sources */ = {isa = PBXBuildFile; fileRef = 54428C672850A5DD00EAE052 /* Make_ItUITestsLaunchTests.swift */; };
		54428C762850A70100EAE052 /* TableViewCell.swift in Sources */ = {isa = PBXBuildFile; fileRef = 54428C742850A70100EAE052 /* TableViewCell.swift */; };
		54428C772850A70100EAE052 /* TableViewCell.xib in Resources */ = {isa = PBXBuildFile; fileRef = 54428C752850A70100EAE052 /* TableViewCell.xib */; };
		548F8CF32875881E008AF84E /* Main.storyboard in Resources */ = {isa = PBXBuildFile; fileRef = 548F8CF22875881E008AF84E /* Main.storyboard */; };
		54B2E418286C6B6600424FC6 /* AddViewController.swift in Sources */ = {isa = PBXBuildFile; fileRef = 54B2E417286C6B6600424FC6 /* AddViewController.swift */; };
/* End PBXBuildFile section */

/* Begin PBXContainerItemProxy section */
		54428C582850A5DD00EAE052 /* PBXContainerItemProxy */ = {
			isa = PBXContainerItemProxy;
			containerPortal = 54428C392850A5D200EAE052 /* Project object */;
			proxyType = 1;
			remoteGlobalIDString = 54428C402850A5D200EAE052;
			remoteInfo = "Make It";
		};
		54428C622850A5DD00EAE052 /* PBXContainerItemProxy */ = {
			isa = PBXContainerItemProxy;
			containerPortal = 54428C392850A5D200EAE052 /* Project object */;
			proxyType = 1;
			remoteGlobalIDString = 54428C402850A5D200EAE052;
			remoteInfo = "Make It";
		};
/* End PBXContainerItemProxy section */

/* Begin PBXFileReference section */
		541193652891525D00946A9E /* Data1.swift */ = {isa = PBXFileReference; lastKnownFileType = sourcecode.swift; path = Data1.swift; sourceTree = "<group>"; };
		54119369289A7B0100946A9E /* Edit FileViewController.swift */ = {isa = PBXFileReference; lastKnownFileType = sourcecode.swift; path = "Edit FileViewController.swift"; sourceTree = "<group>"; };
		54428C412850A5D200EAE052 /* Make It.app */ = {isa = PBXFileReference; explicitFileType = wrapper.application; includeInIndex = 0; path = "Make It.app"; sourceTree = BUILT_PRODUCTS_DIR; };
		54428C442850A5D200EAE052 /* AppDelegate.swift */ = {isa = PBXFileReference; lastKnownFileType = sourcecode.swift; path = AppDelegate.swift; sourceTree = "<group>"; };
		54428C462850A5D200EAE052 /* SceneDelegate.swift */ = {isa = PBXFileReference; lastKnownFileType = sourcecode.swift; path = SceneDelegate.swift; sourceTree = "<group>"; };
		54428C482850A5D200EAE052 /* ViewController.swift */ = {isa = PBXFileReference; lastKnownFileType = sourcecode.swift; path = ViewController.swift; sourceTree = "<group>"; };
		54428C4D2850A5DC00EAE052 /* Assets.xcassets */ = {isa = PBXFileReference; lastKnownFileType = folder.assetcatalog; path = Assets.xcassets; sourceTree = "<group>"; };
		54428C502850A5DC00EAE052 /* Base */ = {isa = PBXFileReference; lastKnownFileType = file.storyboard; name = Base; path = Base.lproj/LaunchScreen.storyboard; sourceTree = "<group>"; };
		54428C522850A5DC00EAE052 /* Info.plist */ = {isa = PBXFileReference; lastKnownFileType = text.plist.xml; path = Info.plist; sourceTree = "<group>"; };
		54428C572850A5DD00EAE052 /* Make ItTests.xctest */ = {isa = PBXFileReference; explicitFileType = wrapper.cfbundle; includeInIndex = 0; path = "Make ItTests.xctest"; sourceTree = BUILT_PRODUCTS_DIR; };
		54428C5B2850A5DD00EAE052 /* Make_ItTests.swift */ = {isa = PBXFileReference; lastKnownFileType = sourcecode.swift; path = Make_ItTests.swift; sourceTree = "<group>"; };
		54428C612850A5DD00EAE052 /* Make ItUITests.xctest */ = {isa = PBXFileReference; explicitFileType = wrapper.cfbundle; includeInIndex = 0; path = "Make ItUITests.xctest"; sourceTree = BUILT_PRODUCTS_DIR; };
		54428C652850A5DD00EAE052 /* Make_ItUITests.swift */ = {isa = PBXFileReference; lastKnownFileType = sourcecode.swift; path = Make_ItUITests.swift; sourceTree = "<group>"; };
		54428C672850A5DD00EAE052 /* Make_ItUITestsLaunchTests.swift */ = {isa = PBXFileReference; lastKnownFileType = sourcecode.swift; path = Make_ItUITestsLaunchTests.swift; sourceTree = "<group>"; };
		54428C742850A70100EAE052 /* TableViewCell.swift */ = {isa = PBXFileReference; lastKnownFileType = sourcecode.swift; path = TableViewCell.swift; sourceTree = "<group>"; };
		54428C752850A70100EAE052 /* TableViewCell.xib */ = {isa = PBXFileReference; lastKnownFileType = file.xib; path = TableViewCell.xib; sourceTree = "<group>"; };
		548F8CF22875881E008AF84E /* Main.storyboard */ = {isa = PBXFileReference; fileEncoding = 4; lastKnownFileType = file.storyboard; path = Main.storyboard; sourceTree = "<group>"; };
		54B2E417286C6B6600424FC6 /* AddViewController.swift */ = {isa = PBXFileReference; lastKnownFileType = sourcecode.swift; path = AddViewController.swift; sourceTree = "<group>"; };
/* End PBXFileReference section */

/* Begin PBXFrameworksBuildPhase section */
		54428C3E2850A5D200EAE052 /* Frameworks */ = {
			isa = PBXFrameworksBuildPhase;
			buildActionMask = 2147483647;
			files = (
			);
			runOnlyForDeploymentPostprocessing = 0;
		};
		54428C542850A5DD00EAE052 /* Frameworks */ = {
			isa = PBXFrameworksBuildPhase;
			buildActionMask = 2147483647;
			files = (
			);
			runOnlyForDeploymentPostprocessing = 0;
		};
		54428C5E2850A5DD00EAE052 /* Frameworks */ = {
			isa = PBXFrameworksBuildPhase;
			buildActionMask = 2147483647;
			files = (
			);
			runOnlyForDeploymentPostprocessing = 0;
		};
/* End PBXFrameworksBuildPhase section */

/* Begin PBXGroup section */
		54428C382850A5D200EAE052 = {
			isa = PBXGroup;
			children = (
				54428C432850A5D200EAE052 /* Make It */,
				54428C5A2850A5DD00EAE052 /* Make ItTests */,
				54428C642850A5DD00EAE052 /* Make ItUITests */,
				54428C422850A5D200EAE052 /* Products */,
			);
			sourceTree = "<group>";
		};
		54428C422850A5D200EAE052 /* Products */ = {
			isa = PBXGroup;
			children = (
				54428C412850A5D200EAE052 /* Make It.app */,
				54428C572850A5DD00EAE052 /* Make ItTests.xctest */,
				54428C612850A5DD00EAE052 /* Make ItUITests.xctest */,
			);
			name = Products;
			sourceTree = "<group>";
		};
		54428C432850A5D200EAE052 /* Make It */ = {
			isa = PBXGroup;
			children = (
				54428C442850A5D200EAE052 /* AppDelegate.swift */,
				541193652891525D00946A9E /* Data1.swift */,
				54428C462850A5D200EAE052 /* SceneDelegate.swift */,
				54428C482850A5D200EAE052 /* ViewController.swift */,
				54119369289A7B0100946A9E /* Edit FileViewController.swift */,
				54B2E417286C6B6600424FC6 /* AddViewController.swift */,
				54428C742850A70100EAE052 /* TableViewCell.swift */,
				548F8CF22875881E008AF84E /* Main.storyboard */,
				54428C752850A70100EAE052 /* TableViewCell.xib */,
				54428C4D2850A5DC00EAE052 /* Assets.xcassets */,
				54428C4F2850A5DC00EAE052 /* LaunchScreen.storyboard */,
				54428C522850A5DC00EAE052 /* Info.plist */,
			);
			path = "Make It";
			sourceTree = "<group>";
		};
		54428C5A2850A5DD00EAE052 /* Make ItTests */ = {
			isa = PBXGroup;
			children = (
				54428C5B2850A5DD00EAE052 /* Make_ItTests.swift */,
			);
			path = "Make ItTests";
			sourceTree = "<group>";
		};
		54428C642850A5DD00EAE052 /* Make ItUITests */ = {
			isa = PBXGroup;
			children = (
				54428C652850A5DD00EAE052 /* Make_ItUITests.swift */,
				54428C672850A5DD00EAE052 /* Make_ItUITestsLaunchTests.swift */,
			);
			path = "Make ItUITests";
			sourceTree = "<group>";
		};
/* End PBXGroup section */

/* Begin PBXNativeTarget section */
		54428C402850A5D200EAE052 /* Make It */ = {
			isa = PBXNativeTarget;
			buildConfigurationList = 54428C6B2850A5DD00EAE052 /* Build configuration list for PBXNativeTarget "Make It" */;
			buildPhases = (
				54428C3D2850A5D200EAE052 /* Sources */,
				54428C3E2850A5D200EAE052 /* Frameworks */,
				54428C3F2850A5D200EAE052 /* Resources */,
			);
			buildRules = (
			);
			dependencies = (
			);
			name = "Make It";
			packageProductDependencies = (
			);
			productName = "Make It";
			productReference = 54428C412850A5D200EAE052 /* Make It.app */;
			productType = "com.apple.product-type.application";
		};
		54428C562850A5DD00EAE052 /* Make ItTests */ = {
			isa = PBXNativeTarget;
			buildConfigurationList = 54428C6E2850A5DD00EAE052 /* Build configuration list for PBXNativeTarget "Make ItTests" */;
			buildPhases = (
				54428C532850A5DD00EAE052 /* Sources */,
				54428C542850A5DD00EAE052 /* Frameworks */,
				54428C552850A5DD00EAE052 /* Resources */,
			);
			buildRules = (
			);
			dependencies = (
				54428C592850A5DD00EAE052 /* PBXTargetDependency */,
			);
			name = "Make ItTests";
			productName = "Make ItTests";
			productReference = 54428C572850A5DD00EAE052 /* Make ItTests.xctest */;
			productType = "com.apple.product-type.bundle.unit-test";
		};
		54428C602850A5DD00EAE052 /* Make ItUITests */ = {
			isa = PBXNativeTarget;
			buildConfigurationList = 54428C712850A5DD00EAE052 /* Build configuration list for PBXNativeTarget "Make ItUITests" */;
			buildPhases = (
				54428C5D2850A5DD00EAE052 /* Sources */,
				54428C5E2850A5DD00EAE052 /* Frameworks */,
				54428C5F2850A5DD00EAE052 /* Resources */,
			);
			buildRules = (
			);
			dependencies = (
				54428C632850A5DD00EAE052 /* PBXTargetDependency */,
			);
			name = "Make ItUITests";
			productName = "Make ItUITests";
			productReference = 54428C612850A5DD00EAE052 /* Make ItUITests.xctest */;
			productType = "com.apple.product-type.bundle.ui-testing";
		};
/* End PBXNativeTarget section */

/* Begin PBXProject section */
		54428C392850A5D200EAE052 /* Project object */ = {
			isa = PBXProject;
			attributes = {
				BuildIndependentTargetsInParallel = 1;
				LastSwiftUpdateCheck = 1330;
				LastUpgradeCheck = 1330;
				TargetAttributes = {
					54428C402850A5D200EAE052 = {
						CreatedOnToolsVersion = 13.3.1;
					};
					54428C562850A5DD00EAE052 = {
						CreatedOnToolsVersion = 13.3.1;
						TestTargetID = 54428C402850A5D200EAE052;
					};
					54428C602850A5DD00EAE052 = {
						CreatedOnToolsVersion = 13.3.1;
						TestTargetID = 54428C402850A5D200EAE052;
					};
				};
			};
			buildConfigurationList = 54428C3C2850A5D200EAE052 /* Build configuration list for PBXProject "Make It" */;
			compatibilityVersion = "Xcode 13.0";
			developmentRegion = en;
			hasScannedForEncodings = 0;
			knownRegions = (
				en,
				Base,
			);
			mainGroup = 54428C382850A5D200EAE052;
			packageReferences = (
			);
			productRefGroup = 54428C422850A5D200EAE052 /* Products */;
			projectDirPath = "";
			projectRoot = "";
			targets = (
				54428C402850A5D200EAE052 /* Make It */,
				54428C562850A5DD00EAE052 /* Make ItTests */,
				54428C602850A5DD00EAE052 /* Make ItUITests */,
			);
		};
/* End PBXProject section */

/* Begin PBXResourcesBuildPhase section */
		54428C3F2850A5D200EAE052 /* Resources */ = {
			isa = PBXResourcesBuildPhase;
			buildActionMask = 2147483647;
			files = (
				54428C512850A5DC00EAE052 /* LaunchScreen.storyboard in Resources */,
				54428C772850A70100EAE052 /* TableViewCell.xib in Resources */,
				54428C4E2850A5DC00EAE052 /* Assets.xcassets in Resources */,
				548F8CF32875881E008AF84E /* Main.storyboard in Resources */,
			);
			runOnlyForDeploymentPostprocessing = 0;
		};
		54428C552850A5DD00EAE052 /* Resources */ = {
			isa = PBXResourcesBuildPhase;
			buildActionMask = 2147483647;
			files = (
			);
			runOnlyForDeploymentPostprocessing = 0;
		};
		54428C5F2850A5DD00EAE052 /* Resources */ = {
			isa = PBXResourcesBuildPhase;
			buildActionMask = 2147483647;
			files = (
			);
			runOnlyForDeploymentPostprocessing = 0;
		};
/* End PBXResourcesBuildPhase section */

/* Begin PBXSourcesBuildPhase section */
		54428C3D2850A5D200EAE052 /* Sources */ = {
			isa = PBXSourcesBuildPhase;
			buildActionMask = 2147483647;
			files = (
				54B2E418286C6B6600424FC6 /* AddViewController.swift in Sources */,
				54428C492850A5D200EAE052 /* ViewController.swift in Sources */,
				54428C762850A70100EAE052 /* TableViewCell.swift in Sources */,
				5411936A289A7B0100946A9E /* Edit FileViewController.swift in Sources */,
				541193662891525D00946A9E /* Data1.swift in Sources */,
				54428C452850A5D200EAE052 /* AppDelegate.swift in Sources */,
				54428C472850A5D200EAE052 /* SceneDelegate.swift in Sources */,
			);
			runOnlyForDeploymentPostprocessing = 0;
		};
		54428C532850A5DD00EAE052 /* Sources */ = {
			isa = PBXSourcesBuildPhase;
			buildActionMask = 2147483647;
			files = (
				54428C5C2850A5DD00EAE052 /* Make_ItTests.swift in Sources */,
			);
			runOnlyForDeploymentPostprocessing = 0;
		};
		54428C5D2850A5DD00EAE052 /* Sources */ = {
			isa = PBXSourcesBuildPhase;
			buildActionMask = 2147483647;
			files = (
				54428C662850A5DD00EAE052 /* Make_ItUITests.swift in Sources */,
				54428C682850A5DD00EAE052 /* Make_ItUITestsLaunchTests.swift in Sources */,
			);
			runOnlyForDeploymentPostprocessing = 0;
		};
/* End PBXSourcesBuildPhase section */

/* Begin PBXTargetDependency section */
		54428C592850A5DD00EAE052 /* PBXTargetDependency */ = {
			isa = PBXTargetDependency;
			target = 54428C402850A5D200EAE052 /* Make It */;
			targetProxy = 54428C582850A5DD00EAE052 /* PBXContainerItemProxy */;
		};
		54428C632850A5DD00EAE052 /* PBXTargetDependency */ = {
			isa = PBXTargetDependency;
			target = 54428C402850A5D200EAE052 /* Make It */;
			targetProxy = 54428C622850A5DD00EAE052 /* PBXContainerItemProxy */;
		};
/* End PBXTargetDependency section */

/* Begin PBXVariantGroup section */
		54428C4F2850A5DC00EAE052 /* LaunchScreen.storyboard */ = {
			isa = PBXVariantGroup;
			children = (
				54428C502850A5DC00EAE052 /* Base */,
			);
			name = LaunchScreen.storyboard;
			sourceTree = "<group>";
		};
/* End PBXVariantGroup section */

/* Begin XCBuildConfiguration section */
		54428C692850A5DD00EAE052 /* Debug */ = {
			isa = XCBuildConfiguration;
			buildSettings = {
				ALWAYS_SEARCH_USER_PATHS = NO;
				CLANG_ANALYZER_NONNULL = YES;
				CLANG_ANALYZER_NUMBER_OBJECT_CONVERSION = YES_AGGRESSIVE;
				CLANG_CXX_LANGUAGE_STANDARD = "gnu++17";
				CLANG_ENABLE_MODULES = YES;
				CLANG_ENABLE_OBJC_ARC = YES;
				CLANG_ENABLE_OBJC_WEAK = YES;
				CLANG_WARN_BLOCK_CAPTURE_AUTORELEASING = YES;
				CLANG_WARN_BOOL_CONVERSION = YES;
				CLANG_WARN_COMMA = YES;
				CLANG_WARN_CONSTANT_CONVERSION = YES;
				CLANG_WARN_DEPRECATED_OBJC_IMPLEMENTATIONS = YES;
				CLANG_WARN_DIRECT_OBJC_ISA_USAGE = YES_ERROR;
				CLANG_WARN_DOCUMENTATION_COMMENTS = YES;
				CLANG_WARN_EMPTY_BODY = YES;
				CLANG_WARN_ENUM_CONVERSION = YES;
				CLANG_WARN_INFINITE_RECURSION = YES;
				CLANG_WARN_INT_CONVERSION = YES;
				CLANG_WARN_NON_LITERAL_NULL_CONVERSION = YES;
				CLANG_WARN_OBJC_IMPLICIT_RETAIN_SELF = YES;
				CLANG_WARN_OBJC_LITERAL_CONVERSION = YES;
				CLANG_WARN_OBJC_ROOT_CLASS = YES_ERROR;
				CLANG_WARN_QUOTED_INCLUDE_IN_FRAMEWORK_HEADER = YES;
				CLANG_WARN_RANGE_LOOP_ANALYSIS = YES;
				CLANG_WARN_STRICT_PROTOTYPES = YES;
				CLANG_WARN_SUSPICIOUS_MOVE = YES;
				CLANG_WARN_UNGUARDED_AVAILABILITY = YES_AGGRESSIVE;
				CLANG_WARN_UNREACHABLE_CODE = YES;
				CLANG_WARN__DUPLICATE_METHOD_MATCH = YES;
				COPY_PHASE_STRIP = NO;
				DEBUG_INFORMATION_FORMAT = dwarf;
				ENABLE_STRICT_OBJC_MSGSEND = YES;
				ENABLE_TESTABILITY = YES;
				GCC_C_LANGUAGE_STANDARD = gnu11;
				GCC_DYNAMIC_NO_PIC = NO;
				GCC_NO_COMMON_BLOCKS = YES;
				GCC_OPTIMIZATION_LEVEL = 0;
				GCC_PREPROCESSOR_DEFINITIONS = (
					"DEBUG=1",
					"$(inherited)",
				);
				GCC_WARN_64_TO_32_BIT_CONVERSION = YES;
				GCC_WARN_ABOUT_RETURN_TYPE = YES_ERROR;
				GCC_WARN_UNDECLARED_SELECTOR = YES;
				GCC_WARN_UNINITIALIZED_AUTOS = YES_AGGRESSIVE;
				GCC_WARN_UNUSED_FUNCTION = YES;
				GCC_WARN_UNUSED_VARIABLE = YES;
				IPHONEOS_DEPLOYMENT_TARGET = 15.4;
				MTL_ENABLE_DEBUG_INFO = INCLUDE_SOURCE;
				MTL_FAST_MATH = YES;
				ONLY_ACTIVE_ARCH = YES;
				SDKROOT = iphoneos;
				SWIFT_ACTIVE_COMPILATION_CONDITIONS = DEBUG;
				SWIFT_OPTIMIZATION_LEVEL = "-Onone";
			};
			name = Debug;
		};
		54428C6A2850A5DD00EAE052 /* Release */ = {
			isa = XCBuildConfiguration;
			buildSettings = {
				ALWAYS_SEARCH_USER_PATHS = NO;
				CLANG_ANALYZER_NONNULL = YES;
				CLANG_ANALYZER_NUMBER_OBJECT_CONVERSION = YES_AGGRESSIVE;
				CLANG_CXX_LANGUAGE_STANDARD = "gnu++17";
				CLANG_ENABLE_MODULES = YES;
				CLANG_ENABLE_OBJC_ARC = YES;
				CLANG_ENABLE_OBJC_WEAK = YES;
				CLANG_WARN_BLOCK_CAPTURE_AUTORELEASING = YES;
				CLANG_WARN_BOOL_CONVERSION = YES;
				CLANG_WARN_COMMA = YES;
				CLANG_WARN_CONSTANT_CONVERSION = YES;
				CLANG_WARN_DEPRECATED_OBJC_IMPLEMENTATIONS = YES;
				CLANG_WARN_DIRECT_OBJC_ISA_USAGE = YES_ERROR;
				CLANG_WARN_DOCUMENTATION_COMMENTS = YES;
				CLANG_WARN_EMPTY_BODY = YES;
				CLANG_WARN_ENUM_CONVERSION = YES;
				CLANG_WARN_INFINITE_RECURSION = YES;
				CLANG_WARN_INT_CONVERSION = YES;
				CLANG_WARN_NON_LITERAL_NULL_CONVERSION = YES;
				CLANG_WARN_OBJC_IMPLICIT_RETAIN_SELF = YES;
				CLANG_WARN_OBJC_LITERAL_CONVERSION = YES;
				CLANG_WARN_OBJC_ROOT_CLASS = YES_ERROR;
				CLANG_WARN_QUOTED_INCLUDE_IN_FRAMEWORK_HEADER = YES;
				CLANG_WARN_RANGE_LOOP_ANALYSIS = YES;
				CLANG_WARN_STRICT_PROTOTYPES = YES;
				CLANG_WARN_SUSPICIOUS_MOVE = YES;
				CLANG_WARN_UNGUARDED_AVAILABILITY = YES_AGGRESSIVE;
				CLANG_WARN_UNREACHABLE_CODE = YES;
				CLANG_WARN__DUPLICATE_METHOD_MATCH = YES;
				COPY_PHASE_STRIP = NO;
				DEBUG_INFORMATION_FORMAT = "dwarf-with-dsym";
				ENABLE_NS_ASSERTIONS = NO;
				ENABLE_STRICT_OBJC_MSGSEND = YES;
				GCC_C_LANGUAGE_STANDARD = gnu11;
				GCC_NO_COMMON_BLOCKS = YES;
				GCC_WARN_64_TO_32_BIT_CONVERSION = YES;
				GCC_WARN_ABOUT_RETURN_TYPE = YES_ERROR;
				GCC_WARN_UNDECLARED_SELECTOR = YES;
				GCC_WARN_UNINITIALIZED_AUTOS = YES_AGGRESSIVE;
				GCC_WARN_UNUSED_FUNCTION = YES;
				GCC_WARN_UNUSED_VARIABLE = YES;
				IPHONEOS_DEPLOYMENT_TARGET = 15.4;
				MTL_ENABLE_DEBUG_INFO = NO;
				MTL_FAST_MATH = YES;
				SDKROOT = iphoneos;
				SWIFT_COMPILATION_MODE = wholemodule;
				SWIFT_OPTIMIZATION_LEVEL = "-O";
				VALIDATE_PRODUCT = YES;
			};
			name = Release;
		};
		54428C6C2850A5DD00EAE052 /* Debug */ = {
			isa = XCBuildConfiguration;
			buildSettings = {
				ASSETCATALOG_COMPILER_APPICON_NAME = AppIcon;
				ASSETCATALOG_COMPILER_GLOBAL_ACCENT_COLOR_NAME = AccentColor;
				CODE_SIGN_STYLE = Automatic;
				CURRENT_PROJECT_VERSION = 1;
				GENERATE_INFOPLIST_FILE = YES;
				INFOPLIST_FILE = "Make It/Info.plist";
				INFOPLIST_KEY_UIApplicationSupportsIndirectInputEvents = YES;
				INFOPLIST_KEY_UILaunchStoryboardName = LaunchScreen;
				INFOPLIST_KEY_UIMainStoryboardFile = Main;
				INFOPLIST_KEY_UISupportedInterfaceOrientations_iPad = "UIInterfaceOrientationPortrait UIInterfaceOrientationPortraitUpsideDown UIInterfaceOrientationLandscapeLeft UIInterfaceOrientationLandscapeRight";
				INFOPLIST_KEY_UISupportedInterfaceOrientations_iPhone = "UIInterfaceOrientationPortrait UIInterfaceOrientationLandscapeLeft UIInterfaceOrientationLandscapeRight";
				LD_RUNPATH_SEARCH_PATHS = (
					"$(inherited)",
					"@executable_path/Frameworks",
				);
				MARKETING_VERSION = 1.0;
				PRODUCT_BUNDLE_IDENTIFIER = "com.litech.Make-It";
				PRODUCT_NAME = "$(TARGET_NAME)";
				SWIFT_EMIT_LOC_STRINGS = YES;
				SWIFT_VERSION = 5.0;
				TARGETED_DEVICE_FAMILY = "1,2";
			};
			name = Debug;
		};
		54428C6D2850A5DD00EAE052 /* Release */ = {
			isa = XCBuildConfiguration;
			buildSettings = {
				ASSETCATALOG_COMPILER_APPICON_NAME = AppIcon;
				ASSETCATALOG_COMPILER_GLOBAL_ACCENT_COLOR_NAME = AccentColor;
				CODE_SIGN_STYLE = Automatic;
				CURRENT_PROJECT_VERSION = 1;
				GENERATE_INFOPLIST_FILE = YES;
				INFOPLIST_FILE = "Make It/Info.plist";
				INFOPLIST_KEY_UIApplicationSupportsIndirectInputEvents = YES;
				INFOPLIST_KEY_UILaunchStoryboardName = LaunchScreen;
				INFOPLIST_KEY_UIMainStoryboardFile = Main;
				INFOPLIST_KEY_UISupportedInterfaceOrientations_iPad = "UIInterfaceOrientationPortrait UIInterfaceOrientationPortraitUpsideDown UIInterfaceOrientationLandscapeLeft UIInterfaceOrientationLandscapeRight";
				INFOPLIST_KEY_UISupportedInterfaceOrientations_iPhone = "UIInterfaceOrientationPortrait UIInterfaceOrientationLandscapeLeft UIInterfaceOrientationLandscapeRight";
				LD_RUNPATH_SEARCH_PATHS = (
					"$(inherited)",
					"@executable_path/Frameworks",
				);
				MARKETING_VERSION = 1.0;
				PRODUCT_BUNDLE_IDENTIFIER = "com.litech.Make-It";
				PRODUCT_NAME = "$(TARGET_NAME)";
				SWIFT_EMIT_LOC_STRINGS = YES;
				SWIFT_VERSION = 5.0;
				TARGETED_DEVICE_FAMILY = "1,2";
			};
			name = Release;
		};
		54428C6F2850A5DD00EAE052 /* Debug */ = {
			isa = XCBuildConfiguration;
			buildSettings = {
				ALWAYS_EMBED_SWIFT_STANDARD_LIBRARIES = YES;
				BUNDLE_LOADER = "$(TEST_HOST)";
				CODE_SIGN_STYLE = Automatic;
				CURRENT_PROJECT_VERSION = 1;
				GENERATE_INFOPLIST_FILE = YES;
				IPHONEOS_DEPLOYMENT_TARGET = 15.4;
				MARKETING_VERSION = 1.0;
				PRODUCT_BUNDLE_IDENTIFIER = "com.litech.Make-ItTests";
				PRODUCT_NAME = "$(TARGET_NAME)";
				SWIFT_EMIT_LOC_STRINGS = NO;
				SWIFT_VERSION = 5.0;
				TARGETED_DEVICE_FAMILY = "1,2";
				TEST_HOST = "$(BUILT_PRODUCTS_DIR)/Make It.app/Make It";
			};
			name = Debug;
		};
		54428C702850A5DD00EAE052 /* Release */ = {
			isa = XCBuildConfiguration;
			buildSettings = {
				ALWAYS_EMBED_SWIFT_STANDARD_LIBRARIES = YES;
				BUNDLE_LOADER = "$(TEST_HOST)";
				CODE_SIGN_STYLE = Automatic;
				CURRENT_PROJECT_VERSION = 1;
				GENERATE_INFOPLIST_FILE = YES;
				IPHONEOS_DEPLOYMENT_TARGET = 15.4;
				MARKETING_VERSION = 1.0;
				PRODUCT_BUNDLE_IDENTIFIER = "com.litech.Make-ItTests";
				PRODUCT_NAME = "$(TARGET_NAME)";
				SWIFT_EMIT_LOC_STRINGS = NO;
				SWIFT_VERSION = 5.0;
				TARGETED_DEVICE_FAMILY = "1,2";
				TEST_HOST = "$(BUILT_PRODUCTS_DIR)/Make It.app/Make It";
			};
			name = Release;
		};
		54428C722850A5DD00EAE052 /* Debug */ = {
			isa = XCBuildConfiguration;
			buildSettings = {
				ALWAYS_EMBED_SWIFT_STANDARD_LIBRARIES = YES;
				CODE_SIGN_STYLE = Automatic;
				CURRENT_PROJECT_VERSION = 1;
				GENERATE_INFOPLIST_FILE = YES;
				MARKETING_VERSION = 1.0;
				PRODUCT_BUNDLE_IDENTIFIER = "com.litech.Make-ItUITests";
				PRODUCT_NAME = "$(TARGET_NAME)";
				SWIFT_EMIT_LOC_STRINGS = NO;
				SWIFT_VERSION = 5.0;
				TARGETED_DEVICE_FAMILY = "1,2";
				TEST_TARGET_NAME = "Make It";
			};
			name = Debug;
		};
		54428C732850A5DD00EAE052 /* Release */ = {
			isa = XCBuildConfiguration;
			buildSettings = {
				ALWAYS_EMBED_SWIFT_STANDARD_LIBRARIES = YES;
				CODE_SIGN_STYLE = Automatic;
				CURRENT_PROJECT_VERSION = 1;
				GENERATE_INFOPLIST_FILE = YES;
				MARKETING_VERSION = 1.0;
				PRODUCT_BUNDLE_IDENTIFIER = "com.litech.Make-ItUITests";
				PRODUCT_NAME = "$(TARGET_NAME)";
				SWIFT_EMIT_LOC_STRINGS = NO;
				SWIFT_VERSION = 5.0;
				TARGETED_DEVICE_FAMILY = "1,2";
				TEST_TARGET_NAME = "Make It";
			};
			name = Release;
		};
/* End XCBuildConfiguration section */

/* Begin XCConfigurationList section */
		54428C3C2850A5D200EAE052 /* Build configuration list for PBXProject "Make It" */ = {
			isa = XCConfigurationList;
			buildConfigurations = (
				54428C692850A5DD00EAE052 /* Debug */,
				54428C6A2850A5DD00EAE052 /* Release */,
			);
			defaultConfigurationIsVisible = 0;
			defaultConfigurationName = Release;
		};
		54428C6B2850A5DD00EAE052 /* Build configuration list for PBXNativeTarget "Make It" */ = {
			isa = XCConfigurationList;
			buildConfigurations = (
				54428C6C2850A5DD00EAE052 /* Debug */,
				54428C6D2850A5DD00EAE052 /* Release */,
			);
			defaultConfigurationIsVisible = 0;
			defaultConfigurationName = Release;
		};
		54428C6E2850A5DD00EAE052 /* Build configuration list for PBXNativeTarget "Make ItTests" */ = {
			isa = XCConfigurationList;
			buildConfigurations = (
				54428C6F2850A5DD00EAE052 /* Debug */,
				54428C702850A5DD00EAE052 /* Release */,
			);
			defaultConfigurationIsVisible = 0;
			defaultConfigurationName = Release;
		};
		54428C712850A5DD00EAE052 /* Build configuration list for PBXNativeTarget "Make ItUITests" */ = {
			isa = XCConfigurationList;
			buildConfigurations = (
				54428C722850A5DD00EAE052 /* Debug */,
				54428C732850A5DD00EAE052 /* Release */,
			);
			defaultConfigurationIsVisible = 0;
			defaultConfigurationName = Release;
		};
/* End XCConfigurationList section */
	};
	rootObject = 54428C392850A5D200EAE052 /* Project object */;
}
